// !$*UTF8*$!
{
	archiveVersion = 1;
	classes = {
	};
	objectVersion = 55;
	objects = {

/* Begin PBXBuildFile section */
		CA457847282FEDCE00E0207F /* AppDelegate.swift in Sources */ = {isa = PBXBuildFile; fileRef = CA457846282FEDCE00E0207F /* AppDelegate.swift */; };
		CA457849282FEDCE00E0207F /* SceneDelegate.swift in Sources */ = {isa = PBXBuildFile; fileRef = CA457848282FEDCE00E0207F /* SceneDelegate.swift */; };
		CA457850282FEDCE00E0207F /* Assets.xcassets in Resources */ = {isa = PBXBuildFile; fileRef = CA45784F282FEDCE00E0207F /* Assets.xcassets */; };
		CA457853282FEDCE00E0207F /* LaunchScreen.storyboard in Resources */ = {isa = PBXBuildFile; fileRef = CA457851282FEDCE00E0207F /* LaunchScreen.storyboard */; };
		CA457860282FEE2600E0207F /* UIColorWell+.swift in Sources */ = {isa = PBXBuildFile; fileRef = CA45785B282FEE2600E0207F /* UIColorWell+.swift */; };
		CA457861282FEE2600E0207F /* ViewUtilities.swift in Sources */ = {isa = PBXBuildFile; fileRef = CA45785C282FEE2600E0207F /* ViewUtilities.swift */; };
		CA457862282FEE2600E0207F /* UIColor+.swift in Sources */ = {isa = PBXBuildFile; fileRef = CA45785D282FEE2600E0207F /* UIColor+.swift */; };
		CA457863282FEE2600E0207F /* NextButton.swift in Sources */ = {isa = PBXBuildFile; fileRef = CA45785E282FEE2600E0207F /* NextButton.swift */; };
		CA457864282FEE2600E0207F /* UISlider+.swift in Sources */ = {isa = PBXBuildFile; fileRef = CA45785F282FEE2600E0207F /* UISlider+.swift */; };
		CA45786A282FEE3C00E0207F /* ConfiguringParameterLabel.swift in Sources */ = {isa = PBXBuildFile; fileRef = CA457867282FEE3C00E0207F /* ConfiguringParameterLabel.swift */; };
		CA45786B282FEE3C00E0207F /* ConfiguringTitleLabel.swift in Sources */ = {isa = PBXBuildFile; fileRef = CA457868282FEE3C00E0207F /* ConfiguringTitleLabel.swift */; };
		CA45786C282FEE3C00E0207F /* ConfiguringSubtitleLabel.swift in Sources */ = {isa = PBXBuildFile; fileRef = CA457869282FEE3C00E0207F /* ConfiguringSubtitleLabel.swift */; };
		CA45786F282FEE6000E0207F /* AppConstants.swift in Sources */ = {isa = PBXBuildFile; fileRef = CA45786E282FEE6000E0207F /* AppConstants.swift */; };
		CA457875282FEE7000E0207F /* OnboardingVC.swift in Sources */ = {isa = PBXBuildFile; fileRef = CA457871282FEE6F00E0207F /* OnboardingVC.swift */; };
		CA457876282FEE7000E0207F /* CustomVC.swift in Sources */ = {isa = PBXBuildFile; fileRef = CA457872282FEE6F00E0207F /* CustomVC.swift */; };
		CA457877282FEE7000E0207F /* ConfiguringVC.swift in Sources */ = {isa = PBXBuildFile; fileRef = CA457873282FEE7000E0207F /* ConfiguringVC.swift */; };
		CA457878282FEE7000E0207F /* BubblesVC.swift in Sources */ = {isa = PBXBuildFile; fileRef = CA457874282FEE7000E0207F /* BubblesVC.swift */; };
/* End PBXBuildFile section */

/* Begin PBXFileReference section */
		CA457843282FEDCE00E0207F /* BubblesSelection Example.app */ = {isa = PBXFileReference; explicitFileType = wrapper.application; includeInIndex = 0; path = "BubblesSelection Example.app"; sourceTree = BUILT_PRODUCTS_DIR; };
		CA457846282FEDCE00E0207F /* AppDelegate.swift */ = {isa = PBXFileReference; lastKnownFileType = sourcecode.swift; path = AppDelegate.swift; sourceTree = "<group>"; };
		CA457848282FEDCE00E0207F /* SceneDelegate.swift */ = {isa = PBXFileReference; lastKnownFileType = sourcecode.swift; path = SceneDelegate.swift; sourceTree = "<group>"; };
		CA45784F282FEDCE00E0207F /* Assets.xcassets */ = {isa = PBXFileReference; lastKnownFileType = folder.assetcatalog; path = Assets.xcassets; sourceTree = "<group>"; };
		CA457852282FEDCE00E0207F /* Base */ = {isa = PBXFileReference; lastKnownFileType = file.storyboard; name = Base; path = Base.lproj/LaunchScreen.storyboard; sourceTree = "<group>"; };
		CA457854282FEDCE00E0207F /* Info.plist */ = {isa = PBXFileReference; lastKnownFileType = text.plist.xml; path = Info.plist; sourceTree = "<group>"; };
		CA45785B282FEE2600E0207F /* UIColorWell+.swift */ = {isa = PBXFileReference; fileEncoding = 4; lastKnownFileType = sourcecode.swift; path = "UIColorWell+.swift"; sourceTree = "<group>"; };
		CA45785C282FEE2600E0207F /* ViewUtilities.swift */ = {isa = PBXFileReference; fileEncoding = 4; lastKnownFileType = sourcecode.swift; path = ViewUtilities.swift; sourceTree = "<group>"; };
		CA45785D282FEE2600E0207F /* UIColor+.swift */ = {isa = PBXFileReference; fileEncoding = 4; lastKnownFileType = sourcecode.swift; path = "UIColor+.swift"; sourceTree = "<group>"; };
		CA45785E282FEE2600E0207F /* NextButton.swift */ = {isa = PBXFileReference; fileEncoding = 4; lastKnownFileType = sourcecode.swift; path = NextButton.swift; sourceTree = "<group>"; };
		CA45785F282FEE2600E0207F /* UISlider+.swift */ = {isa = PBXFileReference; fileEncoding = 4; lastKnownFileType = sourcecode.swift; path = "UISlider+.swift"; sourceTree = "<group>"; };
		CA457867282FEE3C00E0207F /* ConfiguringParameterLabel.swift */ = {isa = PBXFileReference; fileEncoding = 4; lastKnownFileType = sourcecode.swift; path = ConfiguringParameterLabel.swift; sourceTree = "<group>"; };
		CA457868282FEE3C00E0207F /* ConfiguringTitleLabel.swift */ = {isa = PBXFileReference; fileEncoding = 4; lastKnownFileType = sourcecode.swift; path = ConfiguringTitleLabel.swift; sourceTree = "<group>"; };
		CA457869282FEE3C00E0207F /* ConfiguringSubtitleLabel.swift */ = {isa = PBXFileReference; fileEncoding = 4; lastKnownFileType = sourcecode.swift; path = ConfiguringSubtitleLabel.swift; sourceTree = "<group>"; };
		CA45786E282FEE6000E0207F /* AppConstants.swift */ = {isa = PBXFileReference; fileEncoding = 4; lastKnownFileType = sourcecode.swift; path = AppConstants.swift; sourceTree = "<group>"; };
		CA457871282FEE6F00E0207F /* OnboardingVC.swift */ = {isa = PBXFileReference; fileEncoding = 4; lastKnownFileType = sourcecode.swift; path = OnboardingVC.swift; sourceTree = "<group>"; };
		CA457872282FEE6F00E0207F /* CustomVC.swift */ = {isa = PBXFileReference; fileEncoding = 4; lastKnownFileType = sourcecode.swift; path = CustomVC.swift; sourceTree = "<group>"; };
		CA457873282FEE7000E0207F /* ConfiguringVC.swift */ = {isa = PBXFileReference; fileEncoding = 4; lastKnownFileType = sourcecode.swift; path = ConfiguringVC.swift; sourceTree = "<group>"; };
		CA457874282FEE7000E0207F /* BubblesVC.swift */ = {isa = PBXFileReference; fileEncoding = 4; lastKnownFileType = sourcecode.swift; path = BubblesVC.swift; sourceTree = "<group>"; };
/* End PBXFileReference section */

/* Begin PBXFrameworksBuildPhase section */
		CA457840282FEDCE00E0207F /* Frameworks */ = {
			isa = PBXFrameworksBuildPhase;
			buildActionMask = 2147483647;
			files = (
			);
			runOnlyForDeploymentPostprocessing = 0;
		};
/* End PBXFrameworksBuildPhase section */

/* Begin PBXGroup section */
		CA45783A282FEDCE00E0207F = {
			isa = PBXGroup;
			children = (
				CA457845282FEDCE00E0207F /* BubblesSelection Example */,
				CA457844282FEDCE00E0207F /* Products */,
			);
			sourceTree = "<group>";
		};
		CA457844282FEDCE00E0207F /* Products */ = {
			isa = PBXGroup;
			children = (
				CA457843282FEDCE00E0207F /* BubblesSelection Example.app */,
			);
			name = Products;
			sourceTree = "<group>";
		};
		CA457845282FEDCE00E0207F /* BubblesSelection Example */ = {
			isa = PBXGroup;
			children = (
				CA457846282FEDCE00E0207F /* AppDelegate.swift */,
				CA457848282FEDCE00E0207F /* SceneDelegate.swift */,
				CA45784F282FEDCE00E0207F /* Assets.xcassets */,
				CA457851282FEDCE00E0207F /* LaunchScreen.storyboard */,
				CA457854282FEDCE00E0207F /* Info.plist */,
				CA45786D282FEE5200E0207F /* Model */,
				CA45785A282FEE1A00E0207F /* View */,
				CA457870282FEE6400E0207F /* Controller */,
			);
			path = "BubblesSelection Example";
			sourceTree = "<group>";
		};
		CA45785A282FEE1A00E0207F /* View */ = {
			isa = PBXGroup;
			children = (
				CA457866282FEE3000E0207F /* Configuring */,
				CA45785E282FEE2600E0207F /* NextButton.swift */,
				CA45785D282FEE2600E0207F /* UIColor+.swift */,
				CA45785B282FEE2600E0207F /* UIColorWell+.swift */,
				CA45785F282FEE2600E0207F /* UISlider+.swift */,
				CA45785C282FEE2600E0207F /* ViewUtilities.swift */,
			);
			path = View;
			sourceTree = "<group>";
		};
		CA457866282FEE3000E0207F /* Configuring */ = {
			isa = PBXGroup;
			children = (
				CA457867282FEE3C00E0207F /* ConfiguringParameterLabel.swift */,
				CA457869282FEE3C00E0207F /* ConfiguringSubtitleLabel.swift */,
				CA457868282FEE3C00E0207F /* ConfiguringTitleLabel.swift */,
			);
			path = Configuring;
			sourceTree = "<group>";
		};
		CA45786D282FEE5200E0207F /* Model */ = {
			isa = PBXGroup;
			children = (
				CA45786E282FEE6000E0207F /* AppConstants.swift */,
			);
			path = Model;
			sourceTree = "<group>";
		};
		CA457870282FEE6400E0207F /* Controller */ = {
			isa = PBXGroup;
			children = (
				CA457872282FEE6F00E0207F /* CustomVC.swift */,
				CA457871282FEE6F00E0207F /* OnboardingVC.swift */,
				CA457873282FEE7000E0207F /* ConfiguringVC.swift */,
				CA457874282FEE7000E0207F /* BubblesVC.swift */,
			);
			path = Controller;
			sourceTree = "<group>";
		};
/* End PBXGroup section */

/* Begin PBXNativeTarget section */
		CA457842282FEDCE00E0207F /* BubblesSelection Example */ = {
			isa = PBXNativeTarget;
			buildConfigurationList = CA457857282FEDCE00E0207F /* Build configuration list for PBXNativeTarget "BubblesSelection Example" */;
			buildPhases = (
				CA45783F282FEDCE00E0207F /* Sources */,
				CA457840282FEDCE00E0207F /* Frameworks */,
				CA457841282FEDCE00E0207F /* Resources */,
			);
			buildRules = (
			);
			dependencies = (
			);
			name = "BubblesSelection Example";
			productName = "BubblesSelection Example";
			productReference = CA457843282FEDCE00E0207F /* BubblesSelection Example.app */;
			productType = "com.apple.product-type.application";
		};
/* End PBXNativeTarget section */

/* Begin PBXProject section */
		CA45783B282FEDCE00E0207F /* Project object */ = {
			isa = PBXProject;
			attributes = {
				BuildIndependentTargetsInParallel = 1;
				LastSwiftUpdateCheck = 1320;
				LastUpgradeCheck = 1320;
				TargetAttributes = {
					CA457842282FEDCE00E0207F = {
						CreatedOnToolsVersion = 13.2.1;
					};
				};
			};
			buildConfigurationList = CA45783E282FEDCE00E0207F /* Build configuration list for PBXProject "BubblesSelection Example" */;
			compatibilityVersion = "Xcode 13.0";
			developmentRegion = en;
			hasScannedForEncodings = 0;
			knownRegions = (
				en,
				Base,
			);
			mainGroup = CA45783A282FEDCE00E0207F;
			productRefGroup = CA457844282FEDCE00E0207F /* Products */;
			projectDirPath = "";
			projectRoot = "";
			targets = (
				CA457842282FEDCE00E0207F /* BubblesSelection Example */,
			);
		};
/* End PBXProject section */

/* Begin PBXResourcesBuildPhase section */
		CA457841282FEDCE00E0207F /* Resources */ = {
			isa = PBXResourcesBuildPhase;
			buildActionMask = 2147483647;
			files = (
				CA457853282FEDCE00E0207F /* LaunchScreen.storyboard in Resources */,
				CA457850282FEDCE00E0207F /* Assets.xcassets in Resources */,
			);
			runOnlyForDeploymentPostprocessing = 0;
		};
/* End PBXResourcesBuildPhase section */

/* Begin PBXSourcesBuildPhase section */
		CA45783F282FEDCE00E0207F /* Sources */ = {
			isa = PBXSourcesBuildPhase;
			buildActionMask = 2147483647;
			files = (
				CA457863282FEE2600E0207F /* NextButton.swift in Sources */,
				CA457875282FEE7000E0207F /* OnboardingVC.swift in Sources */,
				CA457860282FEE2600E0207F /* UIColorWell+.swift in Sources */,
				CA457861282FEE2600E0207F /* ViewUtilities.swift in Sources */,
				CA45786F282FEE6000E0207F /* AppConstants.swift in Sources */,
				CA457864282FEE2600E0207F /* UISlider+.swift in Sources */,
				CA457878282FEE7000E0207F /* BubblesVC.swift in Sources */,
				CA45786C282FEE3C00E0207F /* ConfiguringSubtitleLabel.swift in Sources */,
				CA457847282FEDCE00E0207F /* AppDelegate.swift in Sources */,
				CA45786B282FEE3C00E0207F /* ConfiguringTitleLabel.swift in Sources */,
				CA457876282FEE7000E0207F /* CustomVC.swift in Sources */,
				CA457849282FEDCE00E0207F /* SceneDelegate.swift in Sources */,
				CA45786A282FEE3C00E0207F /* ConfiguringParameterLabel.swift in Sources */,
				CA457877282FEE7000E0207F /* ConfiguringVC.swift in Sources */,
				CA457862282FEE2600E0207F /* UIColor+.swift in Sources */,
			);
			runOnlyForDeploymentPostprocessing = 0;
		};
/* End PBXSourcesBuildPhase section */

/* Begin PBXVariantGroup section */
		CA457851282FEDCE00E0207F /* LaunchScreen.storyboard */ = {
			isa = PBXVariantGroup;
			children = (
				CA457852282FEDCE00E0207F /* Base */,
			);
			name = LaunchScreen.storyboard;
			sourceTree = "<group>";
		};
/* End PBXVariantGroup section */

/* Begin XCBuildConfiguration section */
		CA457855282FEDCE00E0207F /* Debug */ = {
			isa = XCBuildConfiguration;
			buildSettings = {
				ALWAYS_SEARCH_USER_PATHS = NO;
				CLANG_ANALYZER_NONNULL = YES;
				CLANG_ANALYZER_NUMBER_OBJECT_CONVERSION = YES_AGGRESSIVE;
				CLANG_CXX_LANGUAGE_STANDARD = "gnu++17";
				CLANG_CXX_LIBRARY = "libc++";
				CLANG_ENABLE_MODULES = YES;
				CLANG_ENABLE_OBJC_ARC = YES;
				CLANG_ENABLE_OBJC_WEAK = YES;
				CLANG_WARN_BLOCK_CAPTURE_AUTORELEASING = YES;
				CLANG_WARN_BOOL_CONVERSION = YES;
				CLANG_WARN_COMMA = YES;
				CLANG_WARN_CONSTANT_CONVERSION = YES;
				CLANG_WARN_DEPRECATED_OBJC_IMPLEMENTATIONS = YES;
				CLANG_WARN_DIRECT_OBJC_ISA_USAGE = YES_ERROR;
				CLANG_WARN_DOCUMENTATION_COMMENTS = YES;
				CLANG_WARN_EMPTY_BODY = YES;
				CLANG_WARN_ENUM_CONVERSION = YES;
				CLANG_WARN_INFINITE_RECURSION = YES;
				CLANG_WARN_INT_CONVERSION = YES;
				CLANG_WARN_NON_LITERAL_NULL_CONVERSION = YES;
				CLANG_WARN_OBJC_IMPLICIT_RETAIN_SELF = YES;
				CLANG_WARN_OBJC_LITERAL_CONVERSION = YES;
				CLANG_WARN_OBJC_ROOT_CLASS = YES_ERROR;
				CLANG_WARN_QUOTED_INCLUDE_IN_FRAMEWORK_HEADER = YES;
				CLANG_WARN_RANGE_LOOP_ANALYSIS = YES;
				CLANG_WARN_STRICT_PROTOTYPES = YES;
				CLANG_WARN_SUSPICIOUS_MOVE = YES;
				CLANG_WARN_UNGUARDED_AVAILABILITY = YES_AGGRESSIVE;
				CLANG_WARN_UNREACHABLE_CODE = YES;
				CLANG_WARN__DUPLICATE_METHOD_MATCH = YES;
				COPY_PHASE_STRIP = NO;
				DEBUG_INFORMATION_FORMAT = dwarf;
				ENABLE_STRICT_OBJC_MSGSEND = YES;
				ENABLE_TESTABILITY = YES;
				GCC_C_LANGUAGE_STANDARD = gnu11;
				GCC_DYNAMIC_NO_PIC = NO;
				GCC_NO_COMMON_BLOCKS = YES;
				GCC_OPTIMIZATION_LEVEL = 0;
				GCC_PREPROCESSOR_DEFINITIONS = (
					"DEBUG=1",
					"$(inherited)",
				);
				GCC_WARN_64_TO_32_BIT_CONVERSION = YES;
				GCC_WARN_ABOUT_RETURN_TYPE = YES_ERROR;
				GCC_WARN_UNDECLARED_SELECTOR = YES;
				GCC_WARN_UNINITIALIZED_AUTOS = YES_AGGRESSIVE;
				GCC_WARN_UNUSED_FUNCTION = YES;
				GCC_WARN_UNUSED_VARIABLE = YES;
				IPHONEOS_DEPLOYMENT_TARGET = 14.0;
				MTL_ENABLE_DEBUG_INFO = INCLUDE_SOURCE;
				MTL_FAST_MATH = YES;
				ONLY_ACTIVE_ARCH = YES;
				SDKROOT = iphoneos;
				SWIFT_ACTIVE_COMPILATION_CONDITIONS = DEBUG;
				SWIFT_OPTIMIZATION_LEVEL = "-Onone";
			};
			name = Debug;
		};
		CA457856282FEDCE00E0207F /* Release */ = {
			isa = XCBuildConfiguration;
			buildSettings = {
				ALWAYS_SEARCH_USER_PATHS = NO;
				CLANG_ANALYZER_NONNULL = YES;
				CLANG_ANALYZER_NUMBER_OBJECT_CONVERSION = YES_AGGRESSIVE;
				CLANG_CXX_LANGUAGE_STANDARD = "gnu++17";
				CLANG_CXX_LIBRARY = "libc++";
				CLANG_ENABLE_MODULES = YES;
				CLANG_ENABLE_OBJC_ARC = YES;
				CLANG_ENABLE_OBJC_WEAK = YES;
				CLANG_WARN_BLOCK_CAPTURE_AUTORELEASING = YES;
				CLANG_WARN_BOOL_CONVERSION = YES;
				CLANG_WARN_COMMA = YES;
				CLANG_WARN_CONSTANT_CONVERSION = YES;
				CLANG_WARN_DEPRECATED_OBJC_IMPLEMENTATIONS = YES;
				CLANG_WARN_DIRECT_OBJC_ISA_USAGE = YES_ERROR;
				CLANG_WARN_DOCUMENTATION_COMMENTS = YES;
				CLANG_WARN_EMPTY_BODY = YES;
				CLANG_WARN_ENUM_CONVERSION = YES;
				CLANG_WARN_INFINITE_RECURSION = YES;
				CLANG_WARN_INT_CONVERSION = YES;
				CLANG_WARN_NON_LITERAL_NULL_CONVERSION = YES;
				CLANG_WARN_OBJC_IMPLICIT_RETAIN_SELF = YES;
				CLANG_WARN_OBJC_LITERAL_CONVERSION = YES;
				CLANG_WARN_OBJC_ROOT_CLASS = YES_ERROR;
				CLANG_WARN_QUOTED_INCLUDE_IN_FRAMEWORK_HEADER = YES;
				CLANG_WARN_RANGE_LOOP_ANALYSIS = YES;
				CLANG_WARN_STRICT_PROTOTYPES = YES;
				CLANG_WARN_SUSPICIOUS_MOVE = YES;
				CLANG_WARN_UNGUARDED_AVAILABILITY = YES_AGGRESSIVE;
				CLANG_WARN_UNREACHABLE_CODE = YES;
				CLANG_WARN__DUPLICATE_METHOD_MATCH = YES;
				COPY_PHASE_STRIP = NO;
				DEBUG_INFORMATION_FORMAT = "dwarf-with-dsym";
				ENABLE_NS_ASSERTIONS = NO;
				ENABLE_STRICT_OBJC_MSGSEND = YES;
				GCC_C_LANGUAGE_STANDARD = gnu11;
				GCC_NO_COMMON_BLOCKS = YES;
				GCC_WARN_64_TO_32_BIT_CONVERSION = YES;
				GCC_WARN_ABOUT_RETURN_TYPE = YES_ERROR;
				GCC_WARN_UNDECLARED_SELECTOR = YES;
				GCC_WARN_UNINITIALIZED_AUTOS = YES_AGGRESSIVE;
				GCC_WARN_UNUSED_FUNCTION = YES;
				GCC_WARN_UNUSED_VARIABLE = YES;
				IPHONEOS_DEPLOYMENT_TARGET = 14.0;
				MTL_ENABLE_DEBUG_INFO = NO;
				MTL_FAST_MATH = YES;
				SDKROOT = iphoneos;
				SWIFT_COMPILATION_MODE = wholemodule;
				SWIFT_OPTIMIZATION_LEVEL = "-O";
				VALIDATE_PRODUCT = YES;
			};
			name = Release;
		};
		CA457858282FEDCE00E0207F /* Debug */ = {
			isa = XCBuildConfiguration;
			buildSettings = {
				ASSETCATALOG_COMPILER_APPICON_NAME = AppIcon;
				ASSETCATALOG_COMPILER_GLOBAL_ACCENT_COLOR_NAME = AccentColor;
				CODE_SIGN_STYLE = Automatic;
				CURRENT_PROJECT_VERSION = 1;
				DEVELOPMENT_TEAM = S46QW269NC;
				GENERATE_INFOPLIST_FILE = YES;
				INFOPLIST_FILE = "BubblesSelection Example/Info.plist";
				INFOPLIST_KEY_UIApplicationSupportsIndirectInputEvents = YES;
				INFOPLIST_KEY_UILaunchStoryboardName = LaunchScreen;
				INFOPLIST_KEY_UISupportedInterfaceOrientations_iPhone = UIInterfaceOrientationPortrait;
				LD_RUNPATH_SEARCH_PATHS = (
					"$(inherited)",
					"@executable_path/Frameworks",
				);
				MARKETING_VERSION = 1.0;
				PRODUCT_BUNDLE_IDENTIFIER = "com.bochkovAF.BubblesSelection-Example";
				PRODUCT_NAME = "$(TARGET_NAME)";
				SWIFT_EMIT_LOC_STRINGS = YES;
				SWIFT_VERSION = 5.0;
				TARGETED_DEVICE_FAMILY = 1;
			};
			name = Debug;
		};
		CA457859282FEDCE00E0207F /* Release */ = {
			isa = XCBuildConfiguration;
			buildSettings = {
				ASSETCATALOG_COMPILER_APPICON_NAME = AppIcon;
				ASSETCATALOG_COMPILER_GLOBAL_ACCENT_COLOR_NAME = AccentColor;
				CODE_SIGN_STYLE = Automatic;
				CURRENT_PROJECT_VERSION = 1;
				DEVELOPMENT_TEAM = S46QW269NC;
				GENERATE_INFOPLIST_FILE = YES;
				INFOPLIST_FILE = "BubblesSelection Example/Info.plist";
				INFOPLIST_KEY_UIApplicationSupportsIndirectInputEvents = YES;
				INFOPLIST_KEY_UILaunchStoryboardName = LaunchScreen;
				INFOPLIST_KEY_UISupportedInterfaceOrientations_iPhone = UIInterfaceOrientationPortrait;
				LD_RUNPATH_SEARCH_PATHS = (
					"$(inherited)",
					"@executable_path/Frameworks",
				);
				MARKETING_VERSION = 1.0;
				PRODUCT_BUNDLE_IDENTIFIER = "com.bochkovAF.BubblesSelection-Example";
				PRODUCT_NAME = "$(TARGET_NAME)";
				SWIFT_EMIT_LOC_STRINGS = YES;
				SWIFT_VERSION = 5.0;
				TARGETED_DEVICE_FAMILY = 1;
			};
			name = Release;
		};
/* End XCBuildConfiguration section */

/* Begin XCConfigurationList section */
		CA45783E282FEDCE00E0207F /* Build configuration list for PBXProject "BubblesSelection Example" */ = {
			isa = XCConfigurationList;
			buildConfigurations = (
				CA457855282FEDCE00E0207F /* Debug */,
				CA457856282FEDCE00E0207F /* Release */,
			);
			defaultConfigurationIsVisible = 0;
			defaultConfigurationName = Release;
		};
		CA457857282FEDCE00E0207F /* Build configuration list for PBXNativeTarget "BubblesSelection Example" */ = {
			isa = XCConfigurationList;
			buildConfigurations = (
				CA457858282FEDCE00E0207F /* Debug */,
				CA457859282FEDCE00E0207F /* Release */,
			);
			defaultConfigurationIsVisible = 0;
			defaultConfigurationName = Release;
		};
/* End XCConfigurationList section */
	};
	rootObject = CA45783B282FEDCE00E0207F /* Project object */;
}
