// !$*UTF8*$!
{
	archiveVersion = 1;
	classes = {
	};
	objectVersion = 55;
	objects = {

/* Begin PBXBuildFile section */
		B7D68368679DFEC28C5D35C1 /* Pods_BubblesSelection_Example.framework in Frameworks */ = {isa = PBXBuildFile; fileRef = 91CFF5D07A54A16CCC1ADAA1 /* Pods_BubblesSelection_Example.framework */; };
		CA7DE4F0282EEA9E009505E4 /* AppDelegate.swift in Sources */ = {isa = PBXBuildFile; fileRef = CA7DE4EF282EEA9E009505E4 /* AppDelegate.swift */; };
		CA7DE4F2282EEA9E009505E4 /* SceneDelegate.swift in Sources */ = {isa = PBXBuildFile; fileRef = CA7DE4F1282EEA9E009505E4 /* SceneDelegate.swift */; };
		CA7DE4F9282EEA9F009505E4 /* Assets.xcassets in Resources */ = {isa = PBXBuildFile; fileRef = CA7DE4F8282EEA9F009505E4 /* Assets.xcassets */; };
		CA7DE4FC282EEA9F009505E4 /* LaunchScreen.storyboard in Resources */ = {isa = PBXBuildFile; fileRef = CA7DE4FA282EEA9F009505E4 /* LaunchScreen.storyboard */; };
		CA7DE505282EEB34009505E4 /* AppConstants.swift in Sources */ = {isa = PBXBuildFile; fileRef = CA7DE504282EEB34009505E4 /* AppConstants.swift */; };
		CA7DE509282EEB63009505E4 /* ViewUtilities.swift in Sources */ = {isa = PBXBuildFile; fileRef = CA7DE508282EEB63009505E4 /* ViewUtilities.swift */; };
		CA7DE50B282EEB70009505E4 /* UIColor+.swift in Sources */ = {isa = PBXBuildFile; fileRef = CA7DE50A282EEB70009505E4 /* UIColor+.swift */; };
		CA7DE50D282EEB7D009505E4 /* UIColorWell+.swift in Sources */ = {isa = PBXBuildFile; fileRef = CA7DE50C282EEB7D009505E4 /* UIColorWell+.swift */; };
		CA7DE50F282EEB8C009505E4 /* UISlider+.swift in Sources */ = {isa = PBXBuildFile; fileRef = CA7DE50E282EEB8B009505E4 /* UISlider+.swift */; };
		CA7DE511282EEB9A009505E4 /* NextButton.swift in Sources */ = {isa = PBXBuildFile; fileRef = CA7DE510282EEB9A009505E4 /* NextButton.swift */; };
		CA7DE515282EEBC7009505E4 /* ConfiguringTitleLabel.swift in Sources */ = {isa = PBXBuildFile; fileRef = CA7DE514282EEBC7009505E4 /* ConfiguringTitleLabel.swift */; };
		CA7DE517282EEBDE009505E4 /* ConfiguringSubtitleLabel.swift in Sources */ = {isa = PBXBuildFile; fileRef = CA7DE516282EEBDE009505E4 /* ConfiguringSubtitleLabel.swift */; };
		CA7DE519282EEBEC009505E4 /* ConfiguringParameterLabel.swift in Sources */ = {isa = PBXBuildFile; fileRef = CA7DE518282EEBEC009505E4 /* ConfiguringParameterLabel.swift */; };
		CA7DE51B282EEBFA009505E4 /* CustomVC.swift in Sources */ = {isa = PBXBuildFile; fileRef = CA7DE51A282EEBFA009505E4 /* CustomVC.swift */; };
		CA7DE51D282EEC07009505E4 /* OnboardingVC.swift in Sources */ = {isa = PBXBuildFile; fileRef = CA7DE51C282EEC07009505E4 /* OnboardingVC.swift */; };
		CA7DE51F282EEC15009505E4 /* ConfiguringVC.swift in Sources */ = {isa = PBXBuildFile; fileRef = CA7DE51E282EEC15009505E4 /* ConfiguringVC.swift */; };
		CA7DE521282EEC20009505E4 /* BubblesVC.swift in Sources */ = {isa = PBXBuildFile; fileRef = CA7DE520282EEC20009505E4 /* BubblesVC.swift */; };
/* End PBXBuildFile section */

/* Begin PBXFileReference section */
		906B50CA61793C5A0EF04CEF /* Pods-BubblesSelection Example.release.xcconfig */ = {isa = PBXFileReference; includeInIndex = 1; lastKnownFileType = text.xcconfig; name = "Pods-BubblesSelection Example.release.xcconfig"; path = "Target Support Files/Pods-BubblesSelection Example/Pods-BubblesSelection Example.release.xcconfig"; sourceTree = "<group>"; };
		91CFF5D07A54A16CCC1ADAA1 /* Pods_BubblesSelection_Example.framework */ = {isa = PBXFileReference; explicitFileType = wrapper.framework; includeInIndex = 0; path = Pods_BubblesSelection_Example.framework; sourceTree = BUILT_PRODUCTS_DIR; };
		B611BAC2472D87E829ED97D4 /* Pods-BubblesSelection Example.debug.xcconfig */ = {isa = PBXFileReference; includeInIndex = 1; lastKnownFileType = text.xcconfig; name = "Pods-BubblesSelection Example.debug.xcconfig"; path = "Target Support Files/Pods-BubblesSelection Example/Pods-BubblesSelection Example.debug.xcconfig"; sourceTree = "<group>"; };
		CA7DE4EC282EEA9E009505E4 /* BubblesSelection Example.app */ = {isa = PBXFileReference; explicitFileType = wrapper.application; includeInIndex = 0; path = "BubblesSelection Example.app"; sourceTree = BUILT_PRODUCTS_DIR; };
		CA7DE4EF282EEA9E009505E4 /* AppDelegate.swift */ = {isa = PBXFileReference; lastKnownFileType = sourcecode.swift; path = AppDelegate.swift; sourceTree = "<group>"; };
		CA7DE4F1282EEA9E009505E4 /* SceneDelegate.swift */ = {isa = PBXFileReference; lastKnownFileType = sourcecode.swift; path = SceneDelegate.swift; sourceTree = "<group>"; };
		CA7DE4F8282EEA9F009505E4 /* Assets.xcassets */ = {isa = PBXFileReference; lastKnownFileType = folder.assetcatalog; path = Assets.xcassets; sourceTree = "<group>"; };
		CA7DE4FB282EEA9F009505E4 /* Base */ = {isa = PBXFileReference; lastKnownFileType = file.storyboard; name = Base; path = Base.lproj/LaunchScreen.storyboard; sourceTree = "<group>"; };
		CA7DE4FD282EEA9F009505E4 /* Info.plist */ = {isa = PBXFileReference; lastKnownFileType = text.plist.xml; path = Info.plist; sourceTree = "<group>"; };
		CA7DE504282EEB34009505E4 /* AppConstants.swift */ = {isa = PBXFileReference; lastKnownFileType = sourcecode.swift; path = AppConstants.swift; sourceTree = "<group>"; };
		CA7DE508282EEB63009505E4 /* ViewUtilities.swift */ = {isa = PBXFileReference; lastKnownFileType = sourcecode.swift; path = ViewUtilities.swift; sourceTree = "<group>"; };
		CA7DE50A282EEB70009505E4 /* UIColor+.swift */ = {isa = PBXFileReference; lastKnownFileType = sourcecode.swift; path = "UIColor+.swift"; sourceTree = "<group>"; };
		CA7DE50C282EEB7D009505E4 /* UIColorWell+.swift */ = {isa = PBXFileReference; lastKnownFileType = sourcecode.swift; path = "UIColorWell+.swift"; sourceTree = "<group>"; };
		CA7DE50E282EEB8B009505E4 /* UISlider+.swift */ = {isa = PBXFileReference; lastKnownFileType = sourcecode.swift; path = "UISlider+.swift"; sourceTree = "<group>"; };
		CA7DE510282EEB9A009505E4 /* NextButton.swift */ = {isa = PBXFileReference; lastKnownFileType = sourcecode.swift; path = NextButton.swift; sourceTree = "<group>"; };
		CA7DE514282EEBC7009505E4 /* ConfiguringTitleLabel.swift */ = {isa = PBXFileReference; lastKnownFileType = sourcecode.swift; path = ConfiguringTitleLabel.swift; sourceTree = "<group>"; };
		CA7DE516282EEBDE009505E4 /* ConfiguringSubtitleLabel.swift */ = {isa = PBXFileReference; lastKnownFileType = sourcecode.swift; path = ConfiguringSubtitleLabel.swift; sourceTree = "<group>"; };
		CA7DE518282EEBEC009505E4 /* ConfiguringParameterLabel.swift */ = {isa = PBXFileReference; lastKnownFileType = sourcecode.swift; path = ConfiguringParameterLabel.swift; sourceTree = "<group>"; };
		CA7DE51A282EEBFA009505E4 /* CustomVC.swift */ = {isa = PBXFileReference; lastKnownFileType = sourcecode.swift; path = CustomVC.swift; sourceTree = "<group>"; };
		CA7DE51C282EEC07009505E4 /* OnboardingVC.swift */ = {isa = PBXFileReference; lastKnownFileType = sourcecode.swift; path = OnboardingVC.swift; sourceTree = "<group>"; };
		CA7DE51E282EEC15009505E4 /* ConfiguringVC.swift */ = {isa = PBXFileReference; lastKnownFileType = sourcecode.swift; path = ConfiguringVC.swift; sourceTree = "<group>"; };
		CA7DE520282EEC20009505E4 /* BubblesVC.swift */ = {isa = PBXFileReference; lastKnownFileType = sourcecode.swift; path = BubblesVC.swift; sourceTree = "<group>"; };
/* End PBXFileReference section */

/* Begin PBXFrameworksBuildPhase section */
		CA7DE4E9282EEA9E009505E4 /* Frameworks */ = {
			isa = PBXFrameworksBuildPhase;
			buildActionMask = 2147483647;
			files = (
				B7D68368679DFEC28C5D35C1 /* Pods_BubblesSelection_Example.framework in Frameworks */,
			);
			runOnlyForDeploymentPostprocessing = 0;
		};
/* End PBXFrameworksBuildPhase section */

/* Begin PBXGroup section */
		93B448DD15C8281272598BD3 /* Frameworks */ = {
			isa = PBXGroup;
			children = (
				91CFF5D07A54A16CCC1ADAA1 /* Pods_BubblesSelection_Example.framework */,
			);
			name = Frameworks;
			sourceTree = "<group>";
		};
		CA7DE4E3282EEA9E009505E4 = {
			isa = PBXGroup;
			children = (
				CA7DE4EE282EEA9E009505E4 /* BubblesSelection Example */,
				CA7DE4ED282EEA9E009505E4 /* Products */,
				D162EBAF3429D8D2CA31B61E /* Pods */,
				93B448DD15C8281272598BD3 /* Frameworks */,
			);
			sourceTree = "<group>";
		};
		CA7DE4ED282EEA9E009505E4 /* Products */ = {
			isa = PBXGroup;
			children = (
				CA7DE4EC282EEA9E009505E4 /* BubblesSelection Example.app */,
			);
			name = Products;
			sourceTree = "<group>";
		};
		CA7DE4EE282EEA9E009505E4 /* BubblesSelection Example */ = {
			isa = PBXGroup;
			children = (
				CA7DE4EF282EEA9E009505E4 /* AppDelegate.swift */,
				CA7DE4F1282EEA9E009505E4 /* SceneDelegate.swift */,
				CA7DE4F8282EEA9F009505E4 /* Assets.xcassets */,
				CA7DE4FA282EEA9F009505E4 /* LaunchScreen.storyboard */,
				CA7DE4FD282EEA9F009505E4 /* Info.plist */,
				CA7DE503282EEB26009505E4 /* Model */,
				CA7DE506282EEB40009505E4 /* View */,
				CA7DE507282EEB4C009505E4 /* Controller */,
			);
			path = "BubblesSelection Example";
			sourceTree = "<group>";
		};
		CA7DE503282EEB26009505E4 /* Model */ = {
			isa = PBXGroup;
			children = (
				CA7DE504282EEB34009505E4 /* AppConstants.swift */,
			);
			path = Model;
			sourceTree = "<group>";
		};
		CA7DE506282EEB40009505E4 /* View */ = {
			isa = PBXGroup;
			children = (
				CA7DE508282EEB63009505E4 /* ViewUtilities.swift */,
				CA7DE50A282EEB70009505E4 /* UIColor+.swift */,
				CA7DE50C282EEB7D009505E4 /* UIColorWell+.swift */,
				CA7DE50E282EEB8B009505E4 /* UISlider+.swift */,
				CA7DE510282EEB9A009505E4 /* NextButton.swift */,
				CA7DE513282EEBA5009505E4 /* Configuring */,
			);
			path = View;
			sourceTree = "<group>";
		};
		CA7DE507282EEB4C009505E4 /* Controller */ = {
			isa = PBXGroup;
			children = (
				CA7DE51A282EEBFA009505E4 /* CustomVC.swift */,
				CA7DE51C282EEC07009505E4 /* OnboardingVC.swift */,
				CA7DE51E282EEC15009505E4 /* ConfiguringVC.swift */,
				CA7DE520282EEC20009505E4 /* BubblesVC.swift */,
			);
			path = Controller;
			sourceTree = "<group>";
		};
		CA7DE513282EEBA5009505E4 /* Configuring */ = {
			isa = PBXGroup;
			children = (
				CA7DE514282EEBC7009505E4 /* ConfiguringTitleLabel.swift */,
				CA7DE516282EEBDE009505E4 /* ConfiguringSubtitleLabel.swift */,
				CA7DE518282EEBEC009505E4 /* ConfiguringParameterLabel.swift */,
			);
			path = Configuring;
			sourceTree = "<group>";
		};
		D162EBAF3429D8D2CA31B61E /* Pods */ = {
			isa = PBXGroup;
			children = (
				B611BAC2472D87E829ED97D4 /* Pods-BubblesSelection Example.debug.xcconfig */,
				906B50CA61793C5A0EF04CEF /* Pods-BubblesSelection Example.release.xcconfig */,
			);
			name = Pods;
			path = Pods;
			sourceTree = "<group>";
		};
/* End PBXGroup section */

/* Begin PBXNativeTarget section */
		CA7DE4EB282EEA9E009505E4 /* BubblesSelection Example */ = {
			isa = PBXNativeTarget;
			buildConfigurationList = CA7DE500282EEA9F009505E4 /* Build configuration list for PBXNativeTarget "BubblesSelection Example" */;
			buildPhases = (
				1419034786AF8C3218F5477C /* [CP] Check Pods Manifest.lock */,
				CA7DE4E8282EEA9E009505E4 /* Sources */,
				CA7DE4E9282EEA9E009505E4 /* Frameworks */,
				CA7DE4EA282EEA9E009505E4 /* Resources */,
				95FC9A2328CF44AC81FCF5C8 /* [CP] Embed Pods Frameworks */,
			);
			buildRules = (
			);
			dependencies = (
			);
			name = "BubblesSelection Example";
			productName = "BubblesSelection Example";
			productReference = CA7DE4EC282EEA9E009505E4 /* BubblesSelection Example.app */;
			productType = "com.apple.product-type.application";
		};
/* End PBXNativeTarget section */

/* Begin PBXProject section */
		CA7DE4E4282EEA9E009505E4 /* Project object */ = {
			isa = PBXProject;
			attributes = {
				BuildIndependentTargetsInParallel = 1;
				LastSwiftUpdateCheck = 1320;
				LastUpgradeCheck = 1320;
				TargetAttributes = {
					CA7DE4EB282EEA9E009505E4 = {
						CreatedOnToolsVersion = 13.2.1;
					};
				};
			};
			buildConfigurationList = CA7DE4E7282EEA9E009505E4 /* Build configuration list for PBXProject "BubblesSelection Example" */;
			compatibilityVersion = "Xcode 13.0";
			developmentRegion = en;
			hasScannedForEncodings = 0;
			knownRegions = (
				en,
				Base,
			);
			mainGroup = CA7DE4E3282EEA9E009505E4;
			productRefGroup = CA7DE4ED282EEA9E009505E4 /* Products */;
			projectDirPath = "";
			projectRoot = "";
			targets = (
				CA7DE4EB282EEA9E009505E4 /* BubblesSelection Example */,
			);
		};
/* End PBXProject section */

/* Begin PBXResourcesBuildPhase section */
		CA7DE4EA282EEA9E009505E4 /* Resources */ = {
			isa = PBXResourcesBuildPhase;
			buildActionMask = 2147483647;
			files = (
				CA7DE4FC282EEA9F009505E4 /* LaunchScreen.storyboard in Resources */,
				CA7DE4F9282EEA9F009505E4 /* Assets.xcassets in Resources */,
			);
			runOnlyForDeploymentPostprocessing = 0;
		};
/* End PBXResourcesBuildPhase section */

/* Begin PBXShellScriptBuildPhase section */
		1419034786AF8C3218F5477C /* [CP] Check Pods Manifest.lock */ = {
			isa = PBXShellScriptBuildPhase;
			buildActionMask = 2147483647;
			files = (
			);
			inputFileListPaths = (
			);
			inputPaths = (
				"${PODS_PODFILE_DIR_PATH}/Podfile.lock",
				"${PODS_ROOT}/Manifest.lock",
			);
			name = "[CP] Check Pods Manifest.lock";
			outputFileListPaths = (
			);
			outputPaths = (
				"$(DERIVED_FILE_DIR)/Pods-BubblesSelection Example-checkManifestLockResult.txt",
			);
			runOnlyForDeploymentPostprocessing = 0;
			shellPath = /bin/sh;
			shellScript = "diff \"${PODS_PODFILE_DIR_PATH}/Podfile.lock\" \"${PODS_ROOT}/Manifest.lock\" > /dev/null\nif [ $? != 0 ] ; then\n    # print error to STDERR\n    echo \"error: The sandbox is not in sync with the Podfile.lock. Run 'pod install' or update your CocoaPods installation.\" >&2\n    exit 1\nfi\n# This output is used by Xcode 'outputs' to avoid re-running this script phase.\necho \"SUCCESS\" > \"${SCRIPT_OUTPUT_FILE_0}\"\n";
			showEnvVarsInLog = 0;
		};
		95FC9A2328CF44AC81FCF5C8 /* [CP] Embed Pods Frameworks */ = {
			isa = PBXShellScriptBuildPhase;
			buildActionMask = 2147483647;
			files = (
			);
			inputFileListPaths = (
				"${PODS_ROOT}/Target Support Files/Pods-BubblesSelection Example/Pods-BubblesSelection Example-frameworks-${CONFIGURATION}-input-files.xcfilelist",
			);
			name = "[CP] Embed Pods Frameworks";
			outputFileListPaths = (
				"${PODS_ROOT}/Target Support Files/Pods-BubblesSelection Example/Pods-BubblesSelection Example-frameworks-${CONFIGURATION}-output-files.xcfilelist",
			);
			runOnlyForDeploymentPostprocessing = 0;
			shellPath = /bin/sh;
			shellScript = "\"${PODS_ROOT}/Target Support Files/Pods-BubblesSelection Example/Pods-BubblesSelection Example-frameworks.sh\"\n";
			showEnvVarsInLog = 0;
		};
/* End PBXShellScriptBuildPhase section */

/* Begin PBXSourcesBuildPhase section */
		CA7DE4E8282EEA9E009505E4 /* Sources */ = {
			isa = PBXSourcesBuildPhase;
			buildActionMask = 2147483647;
			files = (
				CA7DE4F0282EEA9E009505E4 /* AppDelegate.swift in Sources */,
				CA7DE509282EEB63009505E4 /* ViewUtilities.swift in Sources */,
				CA7DE505282EEB34009505E4 /* AppConstants.swift in Sources */,
				CA7DE50F282EEB8C009505E4 /* UISlider+.swift in Sources */,
				CA7DE517282EEBDE009505E4 /* ConfiguringSubtitleLabel.swift in Sources */,
				CA7DE50D282EEB7D009505E4 /* UIColorWell+.swift in Sources */,
				CA7DE521282EEC20009505E4 /* BubblesVC.swift in Sources */,
				CA7DE51D282EEC07009505E4 /* OnboardingVC.swift in Sources */,
				CA7DE515282EEBC7009505E4 /* ConfiguringTitleLabel.swift in Sources */,
				CA7DE4F2282EEA9E009505E4 /* SceneDelegate.swift in Sources */,
				CA7DE511282EEB9A009505E4 /* NextButton.swift in Sources */,
				CA7DE51B282EEBFA009505E4 /* CustomVC.swift in Sources */,
				CA7DE50B282EEB70009505E4 /* UIColor+.swift in Sources */,
				CA7DE51F282EEC15009505E4 /* ConfiguringVC.swift in Sources */,
				CA7DE519282EEBEC009505E4 /* ConfiguringParameterLabel.swift in Sources */,
			);
			runOnlyForDeploymentPostprocessing = 0;
		};
/* End PBXSourcesBuildPhase section */

/* Begin PBXVariantGroup section */
		CA7DE4FA282EEA9F009505E4 /* LaunchScreen.storyboard */ = {
			isa = PBXVariantGroup;
			children = (
				CA7DE4FB282EEA9F009505E4 /* Base */,
			);
			name = LaunchScreen.storyboard;
			sourceTree = "<group>";
		};
/* End PBXVariantGroup section */

/* Begin XCBuildConfiguration section */
		CA7DE4FE282EEA9F009505E4 /* Debug */ = {
			isa = XCBuildConfiguration;
			buildSettings = {
				ALWAYS_SEARCH_USER_PATHS = NO;
				CLANG_ANALYZER_NONNULL = YES;
				CLANG_ANALYZER_NUMBER_OBJECT_CONVERSION = YES_AGGRESSIVE;
				CLANG_CXX_LANGUAGE_STANDARD = "gnu++17";
				CLANG_CXX_LIBRARY = "libc++";
				CLANG_ENABLE_MODULES = YES;
				CLANG_ENABLE_OBJC_ARC = YES;
				CLANG_ENABLE_OBJC_WEAK = YES;
				CLANG_WARN_BLOCK_CAPTURE_AUTORELEASING = YES;
				CLANG_WARN_BOOL_CONVERSION = YES;
				CLANG_WARN_COMMA = YES;
				CLANG_WARN_CONSTANT_CONVERSION = YES;
				CLANG_WARN_DEPRECATED_OBJC_IMPLEMENTATIONS = YES;
				CLANG_WARN_DIRECT_OBJC_ISA_USAGE = YES_ERROR;
				CLANG_WARN_DOCUMENTATION_COMMENTS = YES;
				CLANG_WARN_EMPTY_BODY = YES;
				CLANG_WARN_ENUM_CONVERSION = YES;
				CLANG_WARN_INFINITE_RECURSION = YES;
				CLANG_WARN_INT_CONVERSION = YES;
				CLANG_WARN_NON_LITERAL_NULL_CONVERSION = YES;
				CLANG_WARN_OBJC_IMPLICIT_RETAIN_SELF = YES;
				CLANG_WARN_OBJC_LITERAL_CONVERSION = YES;
				CLANG_WARN_OBJC_ROOT_CLASS = YES_ERROR;
				CLANG_WARN_QUOTED_INCLUDE_IN_FRAMEWORK_HEADER = YES;
				CLANG_WARN_RANGE_LOOP_ANALYSIS = YES;
				CLANG_WARN_STRICT_PROTOTYPES = YES;
				CLANG_WARN_SUSPICIOUS_MOVE = YES;
				CLANG_WARN_UNGUARDED_AVAILABILITY = YES_AGGRESSIVE;
				CLANG_WARN_UNREACHABLE_CODE = YES;
				CLANG_WARN__DUPLICATE_METHOD_MATCH = YES;
				COPY_PHASE_STRIP = NO;
				DEBUG_INFORMATION_FORMAT = dwarf;
				ENABLE_STRICT_OBJC_MSGSEND = YES;
				ENABLE_TESTABILITY = YES;
				GCC_C_LANGUAGE_STANDARD = gnu11;
				GCC_DYNAMIC_NO_PIC = NO;
				GCC_NO_COMMON_BLOCKS = YES;
				GCC_OPTIMIZATION_LEVEL = 0;
				GCC_PREPROCESSOR_DEFINITIONS = (
					"DEBUG=1",
					"$(inherited)",
				);
				GCC_WARN_64_TO_32_BIT_CONVERSION = YES;
				GCC_WARN_ABOUT_RETURN_TYPE = YES_ERROR;
				GCC_WARN_UNDECLARED_SELECTOR = YES;
				GCC_WARN_UNINITIALIZED_AUTOS = YES_AGGRESSIVE;
				GCC_WARN_UNUSED_FUNCTION = YES;
				GCC_WARN_UNUSED_VARIABLE = YES;
				IPHONEOS_DEPLOYMENT_TARGET = 14.0;
				MTL_ENABLE_DEBUG_INFO = INCLUDE_SOURCE;
				MTL_FAST_MATH = YES;
				ONLY_ACTIVE_ARCH = YES;
				SDKROOT = iphoneos;
				SWIFT_ACTIVE_COMPILATION_CONDITIONS = DEBUG;
				SWIFT_OPTIMIZATION_LEVEL = "-Onone";
			};
			name = Debug;
		};
		CA7DE4FF282EEA9F009505E4 /* Release */ = {
			isa = XCBuildConfiguration;
			buildSettings = {
				ALWAYS_SEARCH_USER_PATHS = NO;
				CLANG_ANALYZER_NONNULL = YES;
				CLANG_ANALYZER_NUMBER_OBJECT_CONVERSION = YES_AGGRESSIVE;
				CLANG_CXX_LANGUAGE_STANDARD = "gnu++17";
				CLANG_CXX_LIBRARY = "libc++";
				CLANG_ENABLE_MODULES = YES;
				CLANG_ENABLE_OBJC_ARC = YES;
				CLANG_ENABLE_OBJC_WEAK = YES;
				CLANG_WARN_BLOCK_CAPTURE_AUTORELEASING = YES;
				CLANG_WARN_BOOL_CONVERSION = YES;
				CLANG_WARN_COMMA = YES;
				CLANG_WARN_CONSTANT_CONVERSION = YES;
				CLANG_WARN_DEPRECATED_OBJC_IMPLEMENTATIONS = YES;
				CLANG_WARN_DIRECT_OBJC_ISA_USAGE = YES_ERROR;
				CLANG_WARN_DOCUMENTATION_COMMENTS = YES;
				CLANG_WARN_EMPTY_BODY = YES;
				CLANG_WARN_ENUM_CONVERSION = YES;
				CLANG_WARN_INFINITE_RECURSION = YES;
				CLANG_WARN_INT_CONVERSION = YES;
				CLANG_WARN_NON_LITERAL_NULL_CONVERSION = YES;
				CLANG_WARN_OBJC_IMPLICIT_RETAIN_SELF = YES;
				CLANG_WARN_OBJC_LITERAL_CONVERSION = YES;
				CLANG_WARN_OBJC_ROOT_CLASS = YES_ERROR;
				CLANG_WARN_QUOTED_INCLUDE_IN_FRAMEWORK_HEADER = YES;
				CLANG_WARN_RANGE_LOOP_ANALYSIS = YES;
				CLANG_WARN_STRICT_PROTOTYPES = YES;
				CLANG_WARN_SUSPICIOUS_MOVE = YES;
				CLANG_WARN_UNGUARDED_AVAILABILITY = YES_AGGRESSIVE;
				CLANG_WARN_UNREACHABLE_CODE = YES;
				CLANG_WARN__DUPLICATE_METHOD_MATCH = YES;
				COPY_PHASE_STRIP = NO;
				DEBUG_INFORMATION_FORMAT = "dwarf-with-dsym";
				ENABLE_NS_ASSERTIONS = NO;
				ENABLE_STRICT_OBJC_MSGSEND = YES;
				GCC_C_LANGUAGE_STANDARD = gnu11;
				GCC_NO_COMMON_BLOCKS = YES;
				GCC_WARN_64_TO_32_BIT_CONVERSION = YES;
				GCC_WARN_ABOUT_RETURN_TYPE = YES_ERROR;
				GCC_WARN_UNDECLARED_SELECTOR = YES;
				GCC_WARN_UNINITIALIZED_AUTOS = YES_AGGRESSIVE;
				GCC_WARN_UNUSED_FUNCTION = YES;
				GCC_WARN_UNUSED_VARIABLE = YES;
				IPHONEOS_DEPLOYMENT_TARGET = 14.0;
				MTL_ENABLE_DEBUG_INFO = NO;
				MTL_FAST_MATH = YES;
				SDKROOT = iphoneos;
				SWIFT_COMPILATION_MODE = wholemodule;
				SWIFT_OPTIMIZATION_LEVEL = "-O";
				VALIDATE_PRODUCT = YES;
			};
			name = Release;
		};
		CA7DE501282EEA9F009505E4 /* Debug */ = {
			isa = XCBuildConfiguration;
			baseConfigurationReference = B611BAC2472D87E829ED97D4 /* Pods-BubblesSelection Example.debug.xcconfig */;
			buildSettings = {
				ASSETCATALOG_COMPILER_APPICON_NAME = AppIcon;
				ASSETCATALOG_COMPILER_GLOBAL_ACCENT_COLOR_NAME = AccentColor;
				CODE_SIGN_STYLE = Automatic;
				CURRENT_PROJECT_VERSION = 1;
				DEVELOPMENT_TEAM = S46QW269NC;
				GENERATE_INFOPLIST_FILE = YES;
				INFOPLIST_FILE = "BubblesSelection Example/Info.plist";
				INFOPLIST_KEY_UIApplicationSupportsIndirectInputEvents = YES;
				INFOPLIST_KEY_UILaunchStoryboardName = LaunchScreen;
				INFOPLIST_KEY_UIMainStoryboardFile = Main;
				INFOPLIST_KEY_UISupportedInterfaceOrientations = UIInterfaceOrientationPortrait;
				INFOPLIST_KEY_UISupportedInterfaceOrientations_iPhone = UIInterfaceOrientationPortrait;
				LD_RUNPATH_SEARCH_PATHS = (
					"$(inherited)",
					"@executable_path/Frameworks",
				);
				MARKETING_VERSION = 1.0;
				PRODUCT_BUNDLE_IDENTIFIER = com.bochkovAF.BubblesSelectionExample;
				PRODUCT_NAME = "$(TARGET_NAME)";
				SWIFT_EMIT_LOC_STRINGS = YES;
				SWIFT_VERSION = 5.0;
				TARGETED_DEVICE_FAMILY = 1;
			};
			name = Debug;
		};
		CA7DE502282EEA9F009505E4 /* Release */ = {
			isa = XCBuildConfiguration;
			baseConfigurationReference = 906B50CA61793C5A0EF04CEF /* Pods-BubblesSelection Example.release.xcconfig */;
			buildSettings = {
				ASSETCATALOG_COMPILER_APPICON_NAME = AppIcon;
				ASSETCATALOG_COMPILER_GLOBAL_ACCENT_COLOR_NAME = AccentColor;
				CODE_SIGN_STYLE = Automatic;
				CURRENT_PROJECT_VERSION = 1;
				DEVELOPMENT_TEAM = S46QW269NC;
				GENERATE_INFOPLIST_FILE = YES;
				INFOPLIST_FILE = "BubblesSelection Example/Info.plist";
				INFOPLIST_KEY_UIApplicationSupportsIndirectInputEvents = YES;
				INFOPLIST_KEY_UILaunchStoryboardName = LaunchScreen;
				INFOPLIST_KEY_UIMainStoryboardFile = Main;
				INFOPLIST_KEY_UISupportedInterfaceOrientations = UIInterfaceOrientationPortrait;
				INFOPLIST_KEY_UISupportedInterfaceOrientations_iPhone = UIInterfaceOrientationPortrait;
				LD_RUNPATH_SEARCH_PATHS = (
					"$(inherited)",
					"@executable_path/Frameworks",
				);
				MARKETING_VERSION = 1.0;
				PRODUCT_BUNDLE_IDENTIFIER = com.bochkovAF.BubblesSelectionExample;
				PRODUCT_NAME = "$(TARGET_NAME)";
				SWIFT_EMIT_LOC_STRINGS = YES;
				SWIFT_VERSION = 5.0;
				TARGETED_DEVICE_FAMILY = 1;
			};
			name = Release;
		};
/* End XCBuildConfiguration section */

/* Begin XCConfigurationList section */
		CA7DE4E7282EEA9E009505E4 /* Build configuration list for PBXProject "BubblesSelection Example" */ = {
			isa = XCConfigurationList;
			buildConfigurations = (
				CA7DE4FE282EEA9F009505E4 /* Debug */,
				CA7DE4FF282EEA9F009505E4 /* Release */,
			);
			defaultConfigurationIsVisible = 0;
			defaultConfigurationName = Release;
		};
		CA7DE500282EEA9F009505E4 /* Build configuration list for PBXNativeTarget "BubblesSelection Example" */ = {
			isa = XCConfigurationList;
			buildConfigurations = (
				CA7DE501282EEA9F009505E4 /* Debug */,
				CA7DE502282EEA9F009505E4 /* Release */,
			);
			defaultConfigurationIsVisible = 0;
			defaultConfigurationName = Release;
		};
/* End XCConfigurationList section */
	};
	rootObject = CA7DE4E4282EEA9E009505E4 /* Project object */;
}
